
Microsoft Visual Studio Solution File, Format Version 12.00
# Visual Studio 15
Project("{2150E333-8FDC-42A3-9474-1A3956D46DE8}") = "Android", "Android", "{DA3BAAF9-42CD-494D-9473-8E50604C5C5A}"
EndProject
Project("{FAE04EC0-301F-11D3-BF4B-00C04F79EFBC}") = "Library", "Android\Library\Library.csproj", "{7C057289-7509-4CE8-BBF9-CAC6DFD5D316}"
EndProject
Project("{FAE04EC0-301F-11D3-BF4B-00C04F79EFBC}") = "Bindings", "Android\Bindings\Bindings.csproj", "{ACDBC992-4608-4D72-BF9E-F8559C10A3EC}"
EndProject
Project("{2150E333-8FDC-42A3-9474-1A3956D46DE8}") = "Jackett", "Jackett", "{394CBFA8-B8AF-44DB-A327-71C3517C6197}"
EndProject
Project("{FAE04EC0-301F-11D3-BF4B-00C04F79EFBC}") = "DateTimeRoutines", "Jackett\DateTimeRoutines\DateTimeRoutines.csproj", "{EB36330F-8460-46C4-8220-10D43CC11EFE}"
EndProject
Project("{FAE04EC0-301F-11D3-BF4B-00C04F79EFBC}") = "Jackett.Common", "Jackett\Jackett.Common\Jackett.Common.csproj", "{5DE4D0C2-5AF2-4A29-A893-F511A2EE2BA6}"
EndProject
Project("{FAE04EC0-301F-11D3-BF4B-00C04F79EFBC}") = "Jackett.Harness", "Jackett\Jackett.Harness\Jackett.Harness.csproj", "{577DEF1B-B41A-4982-9077-F9BD5D9F7B9F}"
EndProject
Project("{FAE04EC0-301F-11D3-BF4B-00C04F79EFBC}") = "App", "Android\App\App.csproj", "{3D2FE8FA-41DB-42F0-B50C-B1DBD87651AA}"
EndProject
Global
	GlobalSection(SolutionConfigurationPlatforms) = preSolution
		Debug|Any CPU = Debug|Any CPU
		Release|Any CPU = Release|Any CPU
	EndGlobalSection
	GlobalSection(ProjectConfigurationPlatforms) = postSolution
		{7C057289-7509-4CE8-BBF9-CAC6DFD5D316}.Debug|Any CPU.ActiveCfg = Debug|Any CPU
		{7C057289-7509-4CE8-BBF9-CAC6DFD5D316}.Debug|Any CPU.Build.0 = Debug|Any CPU
		{7C057289-7509-4CE8-BBF9-CAC6DFD5D316}.Release|Any CPU.ActiveCfg = Release|Any CPU
		{7C057289-7509-4CE8-BBF9-CAC6DFD5D316}.Release|Any CPU.Build.0 = Release|Any CPU
		{ACDBC992-4608-4D72-BF9E-F8559C10A3EC}.Debug|Any CPU.ActiveCfg = Debug|Any CPU
		{ACDBC992-4608-4D72-BF9E-F8559C10A3EC}.Debug|Any CPU.Build.0 = Debug|Any CPU
		{ACDBC992-4608-4D72-BF9E-F8559C10A3EC}.Release|Any CPU.ActiveCfg = Release|Any CPU
		{ACDBC992-4608-4D72-BF9E-F8559C10A3EC}.Release|Any CPU.Build.0 = Release|Any CPU
		{EB36330F-8460-46C4-8220-10D43CC11EFE}.Debug|Any CPU.ActiveCfg = Debug|Any CPU
		{EB36330F-8460-46C4-8220-10D43CC11EFE}.Debug|Any CPU.Build.0 = Debug|Any CPU
		{EB36330F-8460-46C4-8220-10D43CC11EFE}.Release|Any CPU.ActiveCfg = Release|Any CPU
		{EB36330F-8460-46C4-8220-10D43CC11EFE}.Release|Any CPU.Build.0 = Release|Any CPU
		{5DE4D0C2-5AF2-4A29-A893-F511A2EE2BA6}.Debug|Any CPU.ActiveCfg = Debug|Any CPU
		{5DE4D0C2-5AF2-4A29-A893-F511A2EE2BA6}.Debug|Any CPU.Build.0 = Debug|Any CPU
		{5DE4D0C2-5AF2-4A29-A893-F511A2EE2BA6}.Release|Any CPU.ActiveCfg = Release|Any CPU
		{5DE4D0C2-5AF2-4A29-A893-F511A2EE2BA6}.Release|Any CPU.Build.0 = Release|Any CPU
		{577DEF1B-B41A-4982-9077-F9BD5D9F7B9F}.Debug|Any CPU.ActiveCfg = Debug|Any CPU
		{577DEF1B-B41A-4982-9077-F9BD5D9F7B9F}.Debug|Any CPU.Build.0 = Debug|Any CPU
		{577DEF1B-B41A-4982-9077-F9BD5D9F7B9F}.Release|Any CPU.ActiveCfg = Release|Any CPU
		{577DEF1B-B41A-4982-9077-F9BD5D9F7B9F}.Release|Any CPU.Build.0 = Release|Any CPU
		{3D2FE8FA-41DB-42F0-B50C-B1DBD87651AA}.Debug|Any CPU.ActiveCfg = Debug|Any CPU
		{3D2FE8FA-41DB-42F0-B50C-B1DBD87651AA}.Debug|Any CPU.Build.0 = Debug|Any CPU
		{3D2FE8FA-41DB-42F0-B50C-B1DBD87651AA}.Release|Any CPU.ActiveCfg = Release|Any CPU
		{3D2FE8FA-41DB-42F0-B50C-B1DBD87651AA}.Release|Any CPU.Build.0 = Release|Any CPU
	EndGlobalSection
	GlobalSection(NestedProjects) = preSolution
		{7C057289-7509-4CE8-BBF9-CAC6DFD5D316} = {DA3BAAF9-42CD-494D-9473-8E50604C5C5A}
		{ACDBC992-4608-4D72-BF9E-F8559C10A3EC} = {DA3BAAF9-42CD-494D-9473-8E50604C5C5A}
		{EB36330F-8460-46C4-8220-10D43CC11EFE} = {394CBFA8-B8AF-44DB-A327-71C3517C6197}
		{5DE4D0C2-5AF2-4A29-A893-F511A2EE2BA6} = {394CBFA8-B8AF-44DB-A327-71C3517C6197}
		{577DEF1B-B41A-4982-9077-F9BD5D9F7B9F} = {394CBFA8-B8AF-44DB-A327-71C3517C6197}
		{3D2FE8FA-41DB-42F0-B50C-B1DBD87651AA} = {DA3BAAF9-42CD-494D-9473-8E50604C5C5A}
	EndGlobalSection
EndGlobal
